
Microsoft Visual Studio Solution File, Format Version 12.00
# Visual Studio 15
VisualStudioVersion = 15.0.28010.2041
MinimumVisualStudioVersion = 10.0.40219.1
Project("{9A19103F-16F7-4668-BE54-9A1E7A4F7556}") = "Basket.Api", "Basket.Api\Basket.Api.csproj", "{A011FA37-EB87-4138-B61A-25C7564DE585}"
EndProject
Project("{E53339B2-1760-4266-BCC7-CA923CBCF16C}") = "docker-compose", "docker-compose.dcproj", "{CDB04E19-359F-4026-8D79-E9A02FC537B9}"
EndProject
Project("{9A19103F-16F7-4668-BE54-9A1E7A4F7556}") = "Order.Api", "Order.Api\Order.Api.csproj", "{3122E7FD-F4DE-4983-B2DB-BEBE160816A5}"
EndProject
Project("{FAE04EC0-301F-11D3-BF4B-00C04F79EFBC}") = "BuildingBlock", "..\BuildingBlock\BuildingBlock.csproj", "{84D19EE8-91C9-4230-97F5-B275A35AF9CA}"
EndProject
Global
	GlobalSection(SolutionConfigurationPlatforms) = preSolution
		Debug|Any CPU = Debug|Any CPU
		Release|Any CPU = Release|Any CPU
	EndGlobalSection
	GlobalSection(ProjectConfigurationPlatforms) = postSolution
		{A011FA37-EB87-4138-B61A-25C7564DE585}.Debug|Any CPU.ActiveCfg = Debug|Any CPU
		{A011FA37-EB87-4138-B61A-25C7564DE585}.Debug|Any CPU.Build.0 = Debug|Any CPU
		{A011FA37-EB87-4138-B61A-25C7564DE585}.Release|Any CPU.ActiveCfg = Release|Any CPU
		{A011FA37-EB87-4138-B61A-25C7564DE585}.Release|Any CPU.Build.0 = Release|Any CPU
		{CDB04E19-359F-4026-8D79-E9A02FC537B9}.Debug|Any CPU.ActiveCfg = Debug|Any CPU
		{CDB04E19-359F-4026-8D79-E9A02FC537B9}.Debug|Any CPU.Build.0 = Debug|Any CPU
		{CDB04E19-359F-4026-8D79-E9A02FC537B9}.Release|Any CPU.ActiveCfg = Release|Any CPU
		{CDB04E19-359F-4026-8D79-E9A02FC537B9}.Release|Any CPU.Build.0 = Release|Any CPU
		{3122E7FD-F4DE-4983-B2DB-BEBE160816A5}.Debug|Any CPU.ActiveCfg = Debug|Any CPU
		{3122E7FD-F4DE-4983-B2DB-BEBE160816A5}.Debug|Any CPU.Build.0 = Debug|Any CPU
		{3122E7FD-F4DE-4983-B2DB-BEBE160816A5}.Release|Any CPU.ActiveCfg = Release|Any CPU
		{3122E7FD-F4DE-4983-B2DB-BEBE160816A5}.Release|Any CPU.Build.0 = Release|Any CPU
		{84D19EE8-91C9-4230-97F5-B275A35AF9CA}.Debug|Any CPU.ActiveCfg = Debug|Any CPU
		{84D19EE8-91C9-4230-97F5-B275A35AF9CA}.Debug|Any CPU.Build.0 = Debug|Any CPU
		{84D19EE8-91C9-4230-97F5-B275A35AF9CA}.Release|Any CPU.ActiveCfg = Release|Any CPU
		{84D19EE8-91C9-4230-97F5-B275A35AF9CA}.Release|Any CPU.Build.0 = Release|Any CPU
	EndGlobalSection
	GlobalSection(SolutionProperties) = preSolution
		HideSolutionNode = FALSE
	EndGlobalSection
	GlobalSection(ExtensibilityGlobals) = postSolution
		SolutionGuid = {4E488D9E-002C-41D5-B5C4-11EA721CC754}
	EndGlobalSection
EndGlobal
